<Solution>
  <Folder Name="/Solution Items/">
    <File Path="Directory.Build.props" />
    <File Path="src/Directory.Build.props" />
    <File Path="src/Directory.Packages.props" />
    <File Path="global.json" />
    <File Path="nuget.config" />
  </Folder>
  <Project Path="src/LaunchFast.Core/LaunchFast.Core.csproj" />
  <Project Path="src/LaunchFast.Core.Tests/LaunchFast.Core.Tests.csproj" />
  <Project Path="src/LaunchFast.App/LaunchFast.App.csproj" />
  <Project Path="src/LaunchFast.App.Tests/LaunchFast.App.Tests.csproj" />
</Solution>
